
Microsoft Visual Studio Solution File, Format Version 12.00
# Visual Studio 15
VisualStudioVersion = 15.0.28307.136
MinimumVisualStudioVersion = 10.0.40219.1
Project("{A07B5EB6-E848-4116-A8D0-A826331D98C6}") = "DTXonSF", "DTXonSF\DTXonSF.sfproj", "{7BA06255-5E54-4082-9DA7-FBD4F60CBD01}"
EndProject
Project("{9A19103F-16F7-4668-BE54-9A1E7A4F7556}") = "WebFront", "src\WebFront\WebFront.csproj", "{BD95B5F1-C434-4AA9-972C-2FE98E2FE3F5}"
EndProject
Project("{9A19103F-16F7-4668-BE54-9A1E7A4F7556}") = "Contracts", "src\Contracts\Contracts.csproj", "{EE055C46-4DA4-41F4-A9A6-F17A5E505EF8}"
EndProject
Project("{9A19103F-16F7-4668-BE54-9A1E7A4F7556}") = "OrderService", "src\OrderService\OrderService.csproj", "{A403E781-803B-4A4C-ABB9-09A39390F974}"
EndProject
Project("{9A19103F-16F7-4668-BE54-9A1E7A4F7556}") = "InventoryService", "src\InventoryService\InventoryService.csproj", "{F8546295-039E-42C0-8535-7497CAA3F1A5}"
EndProject
Global
	GlobalSection(SolutionConfigurationPlatforms) = preSolution
		Debug|Any CPU = Debug|Any CPU
		Debug|x64 = Debug|x64
		Release|Any CPU = Release|Any CPU
		Release|x64 = Release|x64
	EndGlobalSection
	GlobalSection(ProjectConfigurationPlatforms) = postSolution
		{7BA06255-5E54-4082-9DA7-FBD4F60CBD01}.Debug|Any CPU.ActiveCfg = Debug|x64
		{7BA06255-5E54-4082-9DA7-FBD4F60CBD01}.Debug|x64.ActiveCfg = Debug|x64
		{7BA06255-5E54-4082-9DA7-FBD4F60CBD01}.Debug|x64.Build.0 = Debug|x64
		{7BA06255-5E54-4082-9DA7-FBD4F60CBD01}.Debug|x64.Deploy.0 = Debug|x64
		{7BA06255-5E54-4082-9DA7-FBD4F60CBD01}.Release|Any CPU.ActiveCfg = Release|x64
		{7BA06255-5E54-4082-9DA7-FBD4F60CBD01}.Release|x64.ActiveCfg = Release|x64
		{7BA06255-5E54-4082-9DA7-FBD4F60CBD01}.Release|x64.Build.0 = Release|x64
		{7BA06255-5E54-4082-9DA7-FBD4F60CBD01}.Release|x64.Deploy.0 = Release|x64
		{BD95B5F1-C434-4AA9-972C-2FE98E2FE3F5}.Debug|Any CPU.ActiveCfg = Debug|Any CPU
		{BD95B5F1-C434-4AA9-972C-2FE98E2FE3F5}.Debug|Any CPU.Build.0 = Debug|Any CPU
		{BD95B5F1-C434-4AA9-972C-2FE98E2FE3F5}.Debug|x64.ActiveCfg = Debug|Any CPU
		{BD95B5F1-C434-4AA9-972C-2FE98E2FE3F5}.Debug|x64.Build.0 = Debug|Any CPU
		{BD95B5F1-C434-4AA9-972C-2FE98E2FE3F5}.Release|Any CPU.ActiveCfg = Release|Any CPU
		{BD95B5F1-C434-4AA9-972C-2FE98E2FE3F5}.Release|Any CPU.Build.0 = Release|Any CPU
		{BD95B5F1-C434-4AA9-972C-2FE98E2FE3F5}.Release|x64.ActiveCfg = Release|Any CPU
		{BD95B5F1-C434-4AA9-972C-2FE98E2FE3F5}.Release|x64.Build.0 = Release|Any CPU
		{EE055C46-4DA4-41F4-A9A6-F17A5E505EF8}.Debug|Any CPU.ActiveCfg = Debug|Any CPU
		{EE055C46-4DA4-41F4-A9A6-F17A5E505EF8}.Debug|Any CPU.Build.0 = Debug|Any CPU
		{EE055C46-4DA4-41F4-A9A6-F17A5E505EF8}.Debug|x64.ActiveCfg = Debug|Any CPU
		{EE055C46-4DA4-41F4-A9A6-F17A5E505EF8}.Debug|x64.Build.0 = Debug|Any CPU
		{EE055C46-4DA4-41F4-A9A6-F17A5E505EF8}.Release|Any CPU.ActiveCfg = Release|Any CPU
		{EE055C46-4DA4-41F4-A9A6-F17A5E505EF8}.Release|Any CPU.Build.0 = Release|Any CPU
		{EE055C46-4DA4-41F4-A9A6-F17A5E505EF8}.Release|x64.ActiveCfg = Release|Any CPU
		{EE055C46-4DA4-41F4-A9A6-F17A5E505EF8}.Release|x64.Build.0 = Release|Any CPU
		{A403E781-803B-4A4C-ABB9-09A39390F974}.Debug|Any CPU.ActiveCfg = Debug|Any CPU
		{A403E781-803B-4A4C-ABB9-09A39390F974}.Debug|Any CPU.Build.0 = Debug|Any CPU
		{A403E781-803B-4A4C-ABB9-09A39390F974}.Debug|x64.ActiveCfg = Debug|Any CPU
		{A403E781-803B-4A4C-ABB9-09A39390F974}.Debug|x64.Build.0 = Debug|Any CPU
		{A403E781-803B-4A4C-ABB9-09A39390F974}.Release|Any CPU.ActiveCfg = Release|Any CPU
		{A403E781-803B-4A4C-ABB9-09A39390F974}.Release|Any CPU.Build.0 = Release|Any CPU
		{A403E781-803B-4A4C-ABB9-09A39390F974}.Release|x64.ActiveCfg = Release|Any CPU
		{A403E781-803B-4A4C-ABB9-09A39390F974}.Release|x64.Build.0 = Release|Any CPU
		{F8546295-039E-42C0-8535-7497CAA3F1A5}.Debug|Any CPU.ActiveCfg = Debug|Any CPU
		{F8546295-039E-42C0-8535-7497CAA3F1A5}.Debug|Any CPU.Build.0 = Debug|Any CPU
		{F8546295-039E-42C0-8535-7497CAA3F1A5}.Debug|x64.ActiveCfg = Debug|Any CPU
		{F8546295-039E-42C0-8535-7497CAA3F1A5}.Debug|x64.Build.0 = Debug|Any CPU
		{F8546295-039E-42C0-8535-7497CAA3F1A5}.Release|Any CPU.ActiveCfg = Release|Any CPU
		{F8546295-039E-42C0-8535-7497CAA3F1A5}.Release|Any CPU.Build.0 = Release|Any CPU
		{F8546295-039E-42C0-8535-7497CAA3F1A5}.Release|x64.ActiveCfg = Release|Any CPU
		{F8546295-039E-42C0-8535-7497CAA3F1A5}.Release|x64.Build.0 = Release|Any CPU
	EndGlobalSection
	GlobalSection(SolutionProperties) = preSolution
		HideSolutionNode = FALSE
	EndGlobalSection
	GlobalSection(ExtensibilityGlobals) = postSolution
		SolutionGuid = {EB084AE4-3403-4321-A821-C81C8AFBF78B}
	EndGlobalSection
EndGlobal
